// !$*UTF8*$!
{
	archiveVersion = 1;
	classes = {
	};
	objectVersion = 51;
	objects = {

/* Begin PBXBuildFile section */
		2018205E88B2A9B76ED384E2 /* libPods-VivaMedi-VivaMediUITests.a in Frameworks */ = {isa = PBXBuildFile; fileRef = E9452F787DEF434DED203DBF /* libPods-VivaMedi-VivaMediUITests.a */; };
		364C399E244D6FDB0004A2E4 /* Localizable.strings in Resources */ = {isa = PBXBuildFile; fileRef = 364C39A0244D6FDB0004A2E4 /* Localizable.strings */; };
		364C39A8244D72160004A2E4 /* qvsctoolbartestIcon.png in Resources */ = {isa = PBXBuildFile; fileRef = 364C39A7244D72160004A2E4 /* qvsctoolbartestIcon.png */; };
		369825AB24581C9900048D87 /* xiashan_icon.png in Resources */ = {isa = PBXBuildFile; fileRef = 369825A924581C9800048D87 /* xiashan_icon.png */; };
		369825AC24581C9900048D87 /* kJQEAF3t8saAFZfRACp_ieCrn2g443.mp3 in Resources */ = {isa = PBXBuildFile; fileRef = 369825AA24581C9900048D87 /* kJQEAF3t8saAFZfRACp_ieCrn2g443.mp3 */; };
		36E69F1624567639005A0151 /* xy_videoEdittestSubtitle_icon.png in Resources */ = {isa = PBXBuildFile; fileRef = 36E69F1524567638005A0151 /* xy_videoEdittestSubtitle_icon.png */; };
		AE36F3A0249370130025D10D /* AudioToolbox.framework in Frameworks */ = {isa = PBXBuildFile; fileRef = AE36F39F249370130025D10D /* AudioToolbox.framework */; };
		AEA0C7B42446AD13000294C4 /* AppDelegate.m in Sources */ = {isa = PBXBuildFile; fileRef = AEA0C7B32446AD13000294C4 /* AppDelegate.m */; };
		AEA0C7BF2446AD17000294C4 /* Assets.xcassets in Resources */ = {isa = PBXBuildFile; fileRef = AEA0C7BE2446AD17000294C4 /* Assets.xcassets */; };
		AEA0C7C22446AD17000294C4 /* LaunchScreen.storyboard in Resources */ = {isa = PBXBuildFile; fileRef = AEA0C7C02446AD17000294C4 /* LaunchScreen.storyboard */; };
		AEA0C7C52446AD17000294C4 /* main.m in Sources */ = {isa = PBXBuildFile; fileRef = AEA0C7C42446AD17000294C4 /* main.m */; };
		AEA0C7CF2446AD17000294C4 /* VivaMediTests.m in Sources */ = {isa = PBXBuildFile; fileRef = AEA0C7CE2446AD17000294C4 /* VivaMediTests.m */; };
		AEA0C7DA2446AD17000294C4 /* VivaMediUITests.m in Sources */ = {isa = PBXBuildFile; fileRef = AEA0C7D92446AD17000294C4 /* VivaMediUITests.m */; };
		AEA0C7E92446D953000294C4 /* private in Resources */ = {isa = PBXBuildFile; fileRef = AEA0C7E82446D953000294C4 /* private */; };
		AEA0C804244711FD000294C4 /* QVTabVC.m in Sources */ = {isa = PBXBuildFile; fileRef = AEA0C803244711FD000294C4 /* QVTabVC.m */; };
		B2B299B726A039B0A6E08311 /* libPods-VivaMedi.a in Frameworks */ = {isa = PBXBuildFile; fileRef = 30AD20121FB8ECCCF482A699 /* libPods-VivaMedi.a */; };
		C61E8B6BFF73DBE09011DF09 /* libPods-VivaMediTests.a in Frameworks */ = {isa = PBXBuildFile; fileRef = AA5901B28DB0FD8AD2D453CB /* libPods-VivaMediTests.a */; };
/* End PBXBuildFile section */

/* Begin PBXContainerItemProxy section */
		AEA0C7CB2446AD17000294C4 /* PBXContainerItemProxy */ = {
			isa = PBXContainerItemProxy;
			containerPortal = AEA0C7A72446AD13000294C4 /* Project object */;
			proxyType = 1;
			remoteGlobalIDString = AEA0C7AE2446AD13000294C4;
			remoteInfo = VivaMedi;
		};
		AEA0C7D62446AD17000294C4 /* PBXContainerItemProxy */ = {
			isa = PBXContainerItemProxy;
			containerPortal = AEA0C7A72446AD13000294C4 /* Project object */;
			proxyType = 1;
			remoteGlobalIDString = AEA0C7AE2446AD13000294C4;
			remoteInfo = VivaMedi;
		};
/* End PBXContainerItemProxy section */

/* Begin PBXFileReference section */
		044997D9F44E0F4F04B42D69 /* Pods-VivaMediTests.debug.xcconfig */ = {isa = PBXFileReference; includeInIndex = 1; lastKnownFileType = text.xcconfig; name = "Pods-VivaMediTests.debug.xcconfig"; path = "Target Support Files/Pods-VivaMediTests/Pods-VivaMediTests.debug.xcconfig"; sourceTree = "<group>"; };
		30AD20121FB8ECCCF482A699 /* libPods-VivaMedi.a */ = {isa = PBXFileReference; explicitFileType = archive.ar; includeInIndex = 0; path = "libPods-VivaMedi.a"; sourceTree = BUILT_PRODUCTS_DIR; };
		364C3993244D4C5B0004A2E4 /* PrefixHeader.pch */ = {isa = PBXFileReference; lastKnownFileType = sourcecode.c.h; path = PrefixHeader.pch; sourceTree = "<group>"; };
		364C399F244D6FDB0004A2E4 /* en */ = {isa = PBXFileReference; lastKnownFileType = text.plist.strings; name = en; path = en.lproj/Localizable.strings; sourceTree = "<group>"; };
		364C39A1244D6FFE0004A2E4 /* zh-Hans */ = {isa = PBXFileReference; lastKnownFileType = text.plist.strings; name = "zh-Hans"; path = "zh-Hans.lproj/LaunchScreen.strings"; sourceTree = "<group>"; };
		364C39A2244D6FFE0004A2E4 /* zh-Hans */ = {isa = PBXFileReference; lastKnownFileType = text.plist.strings; name = "zh-Hans"; path = "zh-Hans.lproj/Localizable.strings"; sourceTree = "<group>"; };
		364C39A7244D72160004A2E4 /* qvsctoolbartestIcon.png */ = {isa = PBXFileReference; lastKnownFileType = image.png; path = qvsctoolbartestIcon.png; sourceTree = "<group>"; };
		364C39AE244D86570004A2E4 /* libXYCategory.a */ = {isa = PBXFileReference; explicitFileType = archive.ar; path = libXYCategory.a; sourceTree = BUILT_PRODUCTS_DIR; };
		369825A924581C9800048D87 /* xiashan_icon.png */ = {isa = PBXFileReference; lastKnownFileType = image.png; path = xiashan_icon.png; sourceTree = "<group>"; };
		369825AA24581C9900048D87 /* kJQEAF3t8saAFZfRACp_ieCrn2g443.mp3 */ = {isa = PBXFileReference; lastKnownFileType = audio.mp3; path = kJQEAF3t8saAFZfRACp_ieCrn2g443.mp3; sourceTree = "<group>"; };
		36D5E420245282D400FD801D /* SDWebImage.framework */ = {isa = PBXFileReference; lastKnownFileType = wrapper.framework; name = SDWebImage.framework; path = Pods/SDWebImage/Products/SDWebImage.framework; sourceTree = "<group>"; };
		36E69F1524567638005A0151 /* xy_videoEdittestSubtitle_icon.png */ = {isa = PBXFileReference; lastKnownFileType = image.png; path = xy_videoEdittestSubtitle_icon.png; sourceTree = "<group>"; };
		45405ECFF494A7721A4D2050 /* Pods-VivaMedi.debug.xcconfig */ = {isa = PBXFileReference; includeInIndex = 1; lastKnownFileType = text.xcconfig; name = "Pods-VivaMedi.debug.xcconfig"; path = "Target Support Files/Pods-VivaMedi/Pods-VivaMedi.debug.xcconfig"; sourceTree = "<group>"; };
		68FE511D8A4C3B181FE97330 /* Pods-VivaMediTests.release.xcconfig */ = {isa = PBXFileReference; includeInIndex = 1; lastKnownFileType = text.xcconfig; name = "Pods-VivaMediTests.release.xcconfig"; path = "Target Support Files/Pods-VivaMediTests/Pods-VivaMediTests.release.xcconfig"; sourceTree = "<group>"; };
		AA5901B28DB0FD8AD2D453CB /* libPods-VivaMediTests.a */ = {isa = PBXFileReference; explicitFileType = archive.ar; includeInIndex = 0; path = "libPods-VivaMediTests.a"; sourceTree = BUILT_PRODUCTS_DIR; };
		AE36F39F249370130025D10D /* AudioToolbox.framework */ = {isa = PBXFileReference; lastKnownFileType = wrapper.framework; name = AudioToolbox.framework; path = System/Library/Frameworks/AudioToolbox.framework; sourceTree = SDKROOT; };
		AE36F3AB24938F240025D10D /* VivaMedi-prefix.pch */ = {isa = PBXFileReference; fileEncoding = 4; lastKnownFileType = sourcecode.c.h; path = "VivaMedi-prefix.pch"; sourceTree = "<group>"; };
		AEA0C7AF2446AD13000294C4 /* VivaMedi.app */ = {isa = PBXFileReference; explicitFileType = wrapper.application; includeInIndex = 0; path = VivaMedi.app; sourceTree = BUILT_PRODUCTS_DIR; };
		AEA0C7B22446AD13000294C4 /* AppDelegate.h */ = {isa = PBXFileReference; lastKnownFileType = sourcecode.c.h; path = AppDelegate.h; sourceTree = "<group>"; };
		AEA0C7B32446AD13000294C4 /* AppDelegate.m */ = {isa = PBXFileReference; lastKnownFileType = sourcecode.c.objc; path = AppDelegate.m; sourceTree = "<group>"; };
		AEA0C7BE2446AD17000294C4 /* Assets.xcassets */ = {isa = PBXFileReference; lastKnownFileType = folder.assetcatalog; path = Assets.xcassets; sourceTree = "<group>"; };
		AEA0C7C12446AD17000294C4 /* Base */ = {isa = PBXFileReference; lastKnownFileType = file.storyboard; name = Base; path = Base.lproj/LaunchScreen.storyboard; sourceTree = "<group>"; };
		AEA0C7C32446AD17000294C4 /* Info.plist */ = {isa = PBXFileReference; lastKnownFileType = text.plist.xml; path = Info.plist; sourceTree = "<group>"; };
		AEA0C7C42446AD17000294C4 /* main.m */ = {isa = PBXFileReference; lastKnownFileType = sourcecode.c.objc; path = main.m; sourceTree = "<group>"; };
		AEA0C7CA2446AD17000294C4 /* VivaMediTests.xctest */ = {isa = PBXFileReference; explicitFileType = wrapper.cfbundle; includeInIndex = 0; path = VivaMediTests.xctest; sourceTree = BUILT_PRODUCTS_DIR; };
		AEA0C7CE2446AD17000294C4 /* VivaMediTests.m */ = {isa = PBXFileReference; lastKnownFileType = sourcecode.c.objc; path = VivaMediTests.m; sourceTree = "<group>"; };
		AEA0C7D02446AD17000294C4 /* Info.plist */ = {isa = PBXFileReference; lastKnownFileType = text.plist.xml; path = Info.plist; sourceTree = "<group>"; };
		AEA0C7D52446AD17000294C4 /* VivaMediUITests.xctest */ = {isa = PBXFileReference; explicitFileType = wrapper.cfbundle; includeInIndex = 0; path = VivaMediUITests.xctest; sourceTree = BUILT_PRODUCTS_DIR; };
		AEA0C7D92446AD17000294C4 /* VivaMediUITests.m */ = {isa = PBXFileReference; lastKnownFileType = sourcecode.c.objc; path = VivaMediUITests.m; sourceTree = "<group>"; };
		AEA0C7DB2446AD17000294C4 /* Info.plist */ = {isa = PBXFileReference; lastKnownFileType = text.plist.xml; path = Info.plist; sourceTree = "<group>"; };
		AEA0C7E82446D953000294C4 /* private */ = {isa = PBXFileReference; lastKnownFileType = folder; path = private; sourceTree = "<group>"; };
		AEA0C802244711FD000294C4 /* QVTabVC.h */ = {isa = PBXFileReference; lastKnownFileType = sourcecode.c.h; path = QVTabVC.h; sourceTree = "<group>"; };
		AEA0C803244711FD000294C4 /* QVTabVC.m */ = {isa = PBXFileReference; lastKnownFileType = sourcecode.c.objc; path = QVTabVC.m; sourceTree = "<group>"; };
		DFA48D10A6B60AFAE9121AFA /* Pods-VivaMedi-VivaMediUITests.release.xcconfig */ = {isa = PBXFileReference; includeInIndex = 1; lastKnownFileType = text.xcconfig; name = "Pods-VivaMedi-VivaMediUITests.release.xcconfig"; path = "Target Support Files/Pods-VivaMedi-VivaMediUITests/Pods-VivaMedi-VivaMediUITests.release.xcconfig"; sourceTree = "<group>"; };
		E5E6ADDEA2563989A45B8AE3 /* Pods-VivaMedi.release.xcconfig */ = {isa = PBXFileReference; includeInIndex = 1; lastKnownFileType = text.xcconfig; name = "Pods-VivaMedi.release.xcconfig"; path = "Target Support Files/Pods-VivaMedi/Pods-VivaMedi.release.xcconfig"; sourceTree = "<group>"; };
		E9452F787DEF434DED203DBF /* libPods-VivaMedi-VivaMediUITests.a */ = {isa = PBXFileReference; explicitFileType = archive.ar; includeInIndex = 0; path = "libPods-VivaMedi-VivaMediUITests.a"; sourceTree = BUILT_PRODUCTS_DIR; };
		ECB7FEF6D0F8011E8D718A3B /* Pods-VivaMedi-VivaMediUITests.debug.xcconfig */ = {isa = PBXFileReference; includeInIndex = 1; lastKnownFileType = text.xcconfig; name = "Pods-VivaMedi-VivaMediUITests.debug.xcconfig"; path = "Target Support Files/Pods-VivaMedi-VivaMediUITests/Pods-VivaMedi-VivaMediUITests.debug.xcconfig"; sourceTree = "<group>"; };
/* End PBXFileReference section */

/* Begin PBXFrameworksBuildPhase section */
		AEA0C7AC2446AD13000294C4 /* Frameworks */ = {
			isa = PBXFrameworksBuildPhase;
			buildActionMask = 2147483647;
			files = (
				AE36F3A0249370130025D10D /* AudioToolbox.framework in Frameworks */,
				B2B299B726A039B0A6E08311 /* libPods-VivaMedi.a in Frameworks */,
			);
			runOnlyForDeploymentPostprocessing = 0;
		};
		AEA0C7C72446AD17000294C4 /* Frameworks */ = {
			isa = PBXFrameworksBuildPhase;
			buildActionMask = 2147483647;
			files = (
				C61E8B6BFF73DBE09011DF09 /* libPods-VivaMediTests.a in Frameworks */,
			);
			runOnlyForDeploymentPostprocessing = 0;
		};
		AEA0C7D22446AD17000294C4 /* Frameworks */ = {
			isa = PBXFrameworksBuildPhase;
			buildActionMask = 2147483647;
			files = (
				2018205E88B2A9B76ED384E2 /* libPods-VivaMedi-VivaMediUITests.a in Frameworks */,
			);
			runOnlyForDeploymentPostprocessing = 0;
		};
/* End PBXFrameworksBuildPhase section */

/* Begin PBXGroup section */
		132A5FFD823B62E294242A68 /* Frameworks */ = {
			isa = PBXGroup;
			children = (
				AE36F39F249370130025D10D /* AudioToolbox.framework */,
				36D5E420245282D400FD801D /* SDWebImage.framework */,
				364C39AE244D86570004A2E4 /* libXYCategory.a */,
				30AD20121FB8ECCCF482A699 /* libPods-VivaMedi.a */,
				E9452F787DEF434DED203DBF /* libPods-VivaMedi-VivaMediUITests.a */,
				AA5901B28DB0FD8AD2D453CB /* libPods-VivaMediTests.a */,
			);
			name = Frameworks;
			sourceTree = "<group>";
		};
		364C397E244D4AAA0004A2E4 /* AppDelegate */ = {
			isa = PBXGroup;
			children = (
				AEA0C7B22446AD13000294C4 /* AppDelegate.h */,
				AEA0C7B32446AD13000294C4 /* AppDelegate.m */,
			);
			path = AppDelegate;
			sourceTree = "<group>";
		};
		364C397F244D4B200004A2E4 /* Supporting Files */ = {
			isa = PBXGroup;
			children = (
				AEA0C7BE2446AD17000294C4 /* Assets.xcassets */,
				AEA0C7C02446AD17000294C4 /* LaunchScreen.storyboard */,
				AEA0C7C32446AD17000294C4 /* Info.plist */,
				AEA0C7C42446AD17000294C4 /* main.m */,
				AEA0C802244711FD000294C4 /* QVTabVC.h */,
				AEA0C803244711FD000294C4 /* QVTabVC.m */,
				364C3993244D4C5B0004A2E4 /* PrefixHeader.pch */,
				364C39A0244D6FDB0004A2E4 /* Localizable.strings */,
			);
			name = "Supporting Files";
			sourceTree = "<group>";
		};
		369825A824581C6100048D87 /* TempResource */ = {
			isa = PBXGroup;
			children = (
				369825AA24581C9900048D87 /* kJQEAF3t8saAFZfRACp_ieCrn2g443.mp3 */,
				369825A924581C9800048D87 /* xiashan_icon.png */,
				364C39A7244D72160004A2E4 /* qvsctoolbartestIcon.png */,
				36E69F1524567638005A0151 /* xy_videoEdittestSubtitle_icon.png */,
			);
			path = TempResource;
			sourceTree = "<group>";
		};
		8843A137764ADD30082FC16B /* Pods */ = {
			isa = PBXGroup;
			children = (
				45405ECFF494A7721A4D2050 /* Pods-VivaMedi.debug.xcconfig */,
				E5E6ADDEA2563989A45B8AE3 /* Pods-VivaMedi.release.xcconfig */,
				ECB7FEF6D0F8011E8D718A3B /* Pods-VivaMedi-VivaMediUITests.debug.xcconfig */,
				DFA48D10A6B60AFAE9121AFA /* Pods-VivaMedi-VivaMediUITests.release.xcconfig */,
				044997D9F44E0F4F04B42D69 /* Pods-VivaMediTests.debug.xcconfig */,
				68FE511D8A4C3B181FE97330 /* Pods-VivaMediTests.release.xcconfig */,
			);
			path = Pods;
			sourceTree = "<group>";
		};
		AEA0C7A62446AD13000294C4 = {
			isa = PBXGroup;
			children = (
				AEA0C7B12446AD13000294C4 /* VivaMedi */,
				AEA0C7CD2446AD17000294C4 /* VivaMediTests */,
				AEA0C7D82446AD17000294C4 /* VivaMediUITests */,
				AEA0C7B02446AD13000294C4 /* Products */,
				8843A137764ADD30082FC16B /* Pods */,
				132A5FFD823B62E294242A68 /* Frameworks */,
			);
			sourceTree = "<group>";
		};
		AEA0C7B02446AD13000294C4 /* Products */ = {
			isa = PBXGroup;
			children = (
				AEA0C7AF2446AD13000294C4 /* VivaMedi.app */,
				AEA0C7CA2446AD17000294C4 /* VivaMediTests.xctest */,
				AEA0C7D52446AD17000294C4 /* VivaMediUITests.xctest */,
			);
			name = Products;
			sourceTree = "<group>";
		};
		AEA0C7B12446AD13000294C4 /* VivaMedi */ = {
			isa = PBXGroup;
			children = (
				AE36F3AB24938F240025D10D /* VivaMedi-prefix.pch */,
				369825A824581C6100048D87 /* TempResource */,
				364C397E244D4AAA0004A2E4 /* AppDelegate */,
				AEA0C7E72446D938000294C4 /* Resource */,
				364C397F244D4B200004A2E4 /* Supporting Files */,
			);
			path = VivaMedi;
			sourceTree = "<group>";
		};
		AEA0C7CD2446AD17000294C4 /* VivaMediTests */ = {
			isa = PBXGroup;
			children = (
				AEA0C7CE2446AD17000294C4 /* VivaMediTests.m */,
				AEA0C7D02446AD17000294C4 /* Info.plist */,
			);
			path = VivaMediTests;
			sourceTree = "<group>";
		};
		AEA0C7D82446AD17000294C4 /* VivaMediUITests */ = {
			isa = PBXGroup;
			children = (
				AEA0C7D92446AD17000294C4 /* VivaMediUITests.m */,
				AEA0C7DB2446AD17000294C4 /* Info.plist */,
			);
			path = VivaMediUITests;
			sourceTree = "<group>";
		};
		AEA0C7E72446D938000294C4 /* Resource */ = {
			isa = PBXGroup;
			children = (
				AEA0C7E82446D953000294C4 /* private */,
			);
			path = Resource;
			sourceTree = "<group>";
		};
/* End PBXGroup section */

/* Begin PBXNativeTarget section */
		AEA0C7AE2446AD13000294C4 /* VivaMedi */ = {
			isa = PBXNativeTarget;
			buildConfigurationList = AEA0C7DE2446AD17000294C4 /* Build configuration list for PBXNativeTarget "VivaMedi" */;
			buildPhases = (
				A26E7AC80BE45BF709CE2F18 /* [CP] Check Pods Manifest.lock */,
				AEA0C7AB2446AD13000294C4 /* Sources */,
				AEA0C7AC2446AD13000294C4 /* Frameworks */,
				AEA0C7AD2446AD13000294C4 /* Resources */,
				A201194C47C9F6401DE6BD6E /* [CP] Embed Pods Frameworks */,
				5E8DD1C2FA400090E6E162DB /* [CP] Copy Pods Resources */,
			);
			buildRules = (
			);
			dependencies = (
			);
			name = VivaMedi;
			productName = VivaMedi;
			productReference = AEA0C7AF2446AD13000294C4 /* VivaMedi.app */;
			productType = "com.apple.product-type.application";
		};
		AEA0C7C92446AD17000294C4 /* VivaMediTests */ = {
			isa = PBXNativeTarget;
			buildConfigurationList = AEA0C7E12446AD17000294C4 /* Build configuration list for PBXNativeTarget "VivaMediTests" */;
			buildPhases = (
				75CADD1BE57FE87E8350221F /* [CP] Check Pods Manifest.lock */,
				AEA0C7C62446AD17000294C4 /* Sources */,
				AEA0C7C72446AD17000294C4 /* Frameworks */,
				AEA0C7C82446AD17000294C4 /* Resources */,
			);
			buildRules = (
			);
			dependencies = (
				AEA0C7CC2446AD17000294C4 /* PBXTargetDependency */,
			);
			name = VivaMediTests;
			productName = VivaMediTests;
			productReference = AEA0C7CA2446AD17000294C4 /* VivaMediTests.xctest */;
			productType = "com.apple.product-type.bundle.unit-test";
		};
		AEA0C7D42446AD17000294C4 /* VivaMediUITests */ = {
			isa = PBXNativeTarget;
			buildConfigurationList = AEA0C7E42446AD17000294C4 /* Build configuration list for PBXNativeTarget "VivaMediUITests" */;
			buildPhases = (
				02009FBC2CCEA9F3563D2E80 /* [CP] Check Pods Manifest.lock */,
				AEA0C7D12446AD17000294C4 /* Sources */,
				AEA0C7D22446AD17000294C4 /* Frameworks */,
				AEA0C7D32446AD17000294C4 /* Resources */,
				A2CD5E34EB2F65BD3F20D265 /* [CP] Embed Pods Frameworks */,
				8F1828D1AD8551E4D140342F /* [CP] Copy Pods Resources */,
			);
			buildRules = (
			);
			dependencies = (
				AEA0C7D72446AD17000294C4 /* PBXTargetDependency */,
			);
			name = VivaMediUITests;
			productName = VivaMediUITests;
			productReference = AEA0C7D52446AD17000294C4 /* VivaMediUITests.xctest */;
			productType = "com.apple.product-type.bundle.ui-testing";
		};
/* End PBXNativeTarget section */

/* Begin PBXProject section */
		AEA0C7A72446AD13000294C4 /* Project object */ = {
			isa = PBXProject;
			attributes = {
				LastUpgradeCheck = 1140;
				ORGANIZATIONNAME = QuVideo;
				TargetAttributes = {
					AEA0C7AE2446AD13000294C4 = {
						CreatedOnToolsVersion = 11.4;
					};
					AEA0C7C92446AD17000294C4 = {
						CreatedOnToolsVersion = 11.4;
						TestTargetID = AEA0C7AE2446AD13000294C4;
					};
					AEA0C7D42446AD17000294C4 = {
						CreatedOnToolsVersion = 11.4;
						TestTargetID = AEA0C7AE2446AD13000294C4;
					};
				};
			};
			buildConfigurationList = AEA0C7AA2446AD13000294C4 /* Build configuration list for PBXProject "VivaMedi" */;
			compatibilityVersion = "Xcode 9.3";
			developmentRegion = en;
			hasScannedForEncodings = 0;
			knownRegions = (
				en,
				Base,
				"zh-Hans",
			);
			mainGroup = AEA0C7A62446AD13000294C4;
			productRefGroup = AEA0C7B02446AD13000294C4 /* Products */;
			projectDirPath = "";
			projectRoot = "";
			targets = (
				AEA0C7AE2446AD13000294C4 /* VivaMedi */,
				AEA0C7C92446AD17000294C4 /* VivaMediTests */,
				AEA0C7D42446AD17000294C4 /* VivaMediUITests */,
			);
		};
/* End PBXProject section */

/* Begin PBXResourcesBuildPhase section */
		AEA0C7AD2446AD13000294C4 /* Resources */ = {
			isa = PBXResourcesBuildPhase;
			buildActionMask = 2147483647;
			files = (
				369825AC24581C9900048D87 /* kJQEAF3t8saAFZfRACp_ieCrn2g443.mp3 in Resources */,
				AEA0C7C22446AD17000294C4 /* LaunchScreen.storyboard in Resources */,
				364C399E244D6FDB0004A2E4 /* Localizable.strings in Resources */,
				AEA0C7BF2446AD17000294C4 /* Assets.xcassets in Resources */,
				AEA0C7E92446D953000294C4 /* private in Resources */,
				36E69F1624567639005A0151 /* xy_videoEdittestSubtitle_icon.png in Resources */,
				364C39A8244D72160004A2E4 /* qvsctoolbartestIcon.png in Resources */,
				369825AB24581C9900048D87 /* xiashan_icon.png in Resources */,
			);
			runOnlyForDeploymentPostprocessing = 0;
		};
		AEA0C7C82446AD17000294C4 /* Resources */ = {
			isa = PBXResourcesBuildPhase;
			buildActionMask = 2147483647;
			files = (
			);
			runOnlyForDeploymentPostprocessing = 0;
		};
		AEA0C7D32446AD17000294C4 /* Resources */ = {
			isa = PBXResourcesBuildPhase;
			buildActionMask = 2147483647;
			files = (
			);
			runOnlyForDeploymentPostprocessing = 0;
		};
/* End PBXResourcesBuildPhase section */

/* Begin PBXShellScriptBuildPhase section */
		02009FBC2CCEA9F3563D2E80 /* [CP] Check Pods Manifest.lock */ = {
			isa = PBXShellScriptBuildPhase;
			buildActionMask = 2147483647;
			files = (
			);
			inputFileListPaths = (
			);
			inputPaths = (
				"${PODS_PODFILE_DIR_PATH}/Podfile.lock",
				"${PODS_ROOT}/Manifest.lock",
			);
			name = "[CP] Check Pods Manifest.lock";
			outputFileListPaths = (
			);
			outputPaths = (
				"$(DERIVED_FILE_DIR)/Pods-VivaMedi-VivaMediUITests-checkManifestLockResult.txt",
			);
			runOnlyForDeploymentPostprocessing = 0;
			shellPath = /bin/sh;
			shellScript = "diff \"${PODS_PODFILE_DIR_PATH}/Podfile.lock\" \"${PODS_ROOT}/Manifest.lock\" > /dev/null\nif [ $? != 0 ] ; then\n    # print error to STDERR\n    echo \"error: The sandbox is not in sync with the Podfile.lock. Run 'pod install' or update your CocoaPods installation.\" >&2\n    exit 1\nfi\n# This output is used by Xcode 'outputs' to avoid re-running this script phase.\necho \"SUCCESS\" > \"${SCRIPT_OUTPUT_FILE_0}\"\n";
			showEnvVarsInLog = 0;
		};
		5E8DD1C2FA400090E6E162DB /* [CP] Copy Pods Resources */ = {
			isa = PBXShellScriptBuildPhase;
			buildActionMask = 2147483647;
			files = (
			);
			inputFileListPaths = (
			);
			name = "[CP] Copy Pods Resources";
			outputFileListPaths = (
			);
			runOnlyForDeploymentPostprocessing = 0;
			shellPath = /bin/sh;
			shellScript = "\"${PODS_ROOT}/Target Support Files/Pods-VivaMedi/Pods-VivaMedi-resources.sh\"\n";
			showEnvVarsInLog = 0;
		};
		75CADD1BE57FE87E8350221F /* [CP] Check Pods Manifest.lock */ = {
			isa = PBXShellScriptBuildPhase;
			buildActionMask = 2147483647;
			files = (
			);
			inputFileListPaths = (
			);
			inputPaths = (
				"${PODS_PODFILE_DIR_PATH}/Podfile.lock",
				"${PODS_ROOT}/Manifest.lock",
			);
			name = "[CP] Check Pods Manifest.lock";
			outputFileListPaths = (
			);
			outputPaths = (
				"$(DERIVED_FILE_DIR)/Pods-VivaMediTests-checkManifestLockResult.txt",
			);
			runOnlyForDeploymentPostprocessing = 0;
			shellPath = /bin/sh;
			shellScript = "diff \"${PODS_PODFILE_DIR_PATH}/Podfile.lock\" \"${PODS_ROOT}/Manifest.lock\" > /dev/null\nif [ $? != 0 ] ; then\n    # print error to STDERR\n    echo \"error: The sandbox is not in sync with the Podfile.lock. Run 'pod install' or update your CocoaPods installation.\" >&2\n    exit 1\nfi\n# This output is used by Xcode 'outputs' to avoid re-running this script phase.\necho \"SUCCESS\" > \"${SCRIPT_OUTPUT_FILE_0}\"\n";
			showEnvVarsInLog = 0;
		};
		8F1828D1AD8551E4D140342F /* [CP] Copy Pods Resources */ = {
			isa = PBXShellScriptBuildPhase;
			buildActionMask = 2147483647;
			files = (
			);
			inputFileListPaths = (
				"${PODS_ROOT}/Target Support Files/Pods-VivaMedi-VivaMediUITests/Pods-VivaMedi-VivaMediUITests-resources-${CONFIGURATION}-input-files.xcfilelist",
			);
			name = "[CP] Copy Pods Resources";
			outputFileListPaths = (
				"${PODS_ROOT}/Target Support Files/Pods-VivaMedi-VivaMediUITests/Pods-VivaMedi-VivaMediUITests-resources-${CONFIGURATION}-output-files.xcfilelist",
			);
			runOnlyForDeploymentPostprocessing = 0;
			shellPath = /bin/sh;
			shellScript = "\"${PODS_ROOT}/Target Support Files/Pods-VivaMedi-VivaMediUITests/Pods-VivaMedi-VivaMediUITests-resources.sh\"\n";
			showEnvVarsInLog = 0;
		};
		A201194C47C9F6401DE6BD6E /* [CP] Embed Pods Frameworks */ = {
			isa = PBXShellScriptBuildPhase;
			buildActionMask = 2147483647;
			files = (
			);
			inputFileListPaths = (
			);
			name = "[CP] Embed Pods Frameworks";
			outputFileListPaths = (
			);
			runOnlyForDeploymentPostprocessing = 0;
			shellPath = /bin/sh;
			shellScript = "\"${PODS_ROOT}/Target Support Files/Pods-VivaMedi/Pods-VivaMedi-frameworks.sh\"\n";
			showEnvVarsInLog = 0;
		};
		A26E7AC80BE45BF709CE2F18 /* [CP] Check Pods Manifest.lock */ = {
			isa = PBXShellScriptBuildPhase;
			buildActionMask = 2147483647;
			files = (
			);
			inputFileListPaths = (
			);
			inputPaths = (
				"${PODS_PODFILE_DIR_PATH}/Podfile.lock",
				"${PODS_ROOT}/Manifest.lock",
			);
			name = "[CP] Check Pods Manifest.lock";
			outputFileListPaths = (
			);
			outputPaths = (
				"$(DERIVED_FILE_DIR)/Pods-VivaMedi-checkManifestLockResult.txt",
			);
			runOnlyForDeploymentPostprocessing = 0;
			shellPath = /bin/sh;
			shellScript = "diff \"${PODS_PODFILE_DIR_PATH}/Podfile.lock\" \"${PODS_ROOT}/Manifest.lock\" > /dev/null\nif [ $? != 0 ] ; then\n    # print error to STDERR\n    echo \"error: The sandbox is not in sync with the Podfile.lock. Run 'pod install' or update your CocoaPods installation.\" >&2\n    exit 1\nfi\n# This output is used by Xcode 'outputs' to avoid re-running this script phase.\necho \"SUCCESS\" > \"${SCRIPT_OUTPUT_FILE_0}\"\n";
			showEnvVarsInLog = 0;
		};
		A2CD5E34EB2F65BD3F20D265 /* [CP] Embed Pods Frameworks */ = {
			isa = PBXShellScriptBuildPhase;
			buildActionMask = 2147483647;
			files = (
			);
			inputFileListPaths = (
				"${PODS_ROOT}/Target Support Files/Pods-VivaMedi-VivaMediUITests/Pods-VivaMedi-VivaMediUITests-frameworks-${CONFIGURATION}-input-files.xcfilelist",
			);
			name = "[CP] Embed Pods Frameworks";
			outputFileListPaths = (
				"${PODS_ROOT}/Target Support Files/Pods-VivaMedi-VivaMediUITests/Pods-VivaMedi-VivaMediUITests-frameworks-${CONFIGURATION}-output-files.xcfilelist",
			);
			runOnlyForDeploymentPostprocessing = 0;
			shellPath = /bin/sh;
			shellScript = "\"${PODS_ROOT}/Target Support Files/Pods-VivaMedi-VivaMediUITests/Pods-VivaMedi-VivaMediUITests-frameworks.sh\"\n";
			showEnvVarsInLog = 0;
		};
/* End PBXShellScriptBuildPhase section */

/* Begin PBXSourcesBuildPhase section */
		AEA0C7AB2446AD13000294C4 /* Sources */ = {
			isa = PBXSourcesBuildPhase;
			buildActionMask = 2147483647;
			files = (
				AEA0C804244711FD000294C4 /* QVTabVC.m in Sources */,
				AEA0C7B42446AD13000294C4 /* AppDelegate.m in Sources */,
				AEA0C7C52446AD17000294C4 /* main.m in Sources */,
			);
			runOnlyForDeploymentPostprocessing = 0;
		};
		AEA0C7C62446AD17000294C4 /* Sources */ = {
			isa = PBXSourcesBuildPhase;
			buildActionMask = 2147483647;
			files = (
				AEA0C7CF2446AD17000294C4 /* VivaMediTests.m in Sources */,
			);
			runOnlyForDeploymentPostprocessing = 0;
		};
		AEA0C7D12446AD17000294C4 /* Sources */ = {
			isa = PBXSourcesBuildPhase;
			buildActionMask = 2147483647;
			files = (
				AEA0C7DA2446AD17000294C4 /* VivaMediUITests.m in Sources */,
			);
			runOnlyForDeploymentPostprocessing = 0;
		};
/* End PBXSourcesBuildPhase section */

/* Begin PBXTargetDependency section */
		AEA0C7CC2446AD17000294C4 /* PBXTargetDependency */ = {
			isa = PBXTargetDependency;
			target = AEA0C7AE2446AD13000294C4 /* VivaMedi */;
			targetProxy = AEA0C7CB2446AD17000294C4 /* PBXContainerItemProxy */;
		};
		AEA0C7D72446AD17000294C4 /* PBXTargetDependency */ = {
			isa = PBXTargetDependency;
			target = AEA0C7AE2446AD13000294C4 /* VivaMedi */;
			targetProxy = AEA0C7D62446AD17000294C4 /* PBXContainerItemProxy */;
		};
/* End PBXTargetDependency section */

/* Begin PBXVariantGroup section */
		364C39A0244D6FDB0004A2E4 /* Localizable.strings */ = {
			isa = PBXVariantGroup;
			children = (
				364C399F244D6FDB0004A2E4 /* en */,
				364C39A2244D6FFE0004A2E4 /* zh-Hans */,
			);
			name = Localizable.strings;
			sourceTree = "<group>";
		};
		AEA0C7C02446AD17000294C4 /* LaunchScreen.storyboard */ = {
			isa = PBXVariantGroup;
			children = (
				AEA0C7C12446AD17000294C4 /* Base */,
				364C39A1244D6FFE0004A2E4 /* zh-Hans */,
			);
			name = LaunchScreen.storyboard;
			sourceTree = "<group>";
		};
/* End PBXVariantGroup section */

/* Begin XCBuildConfiguration section */
		AEA0C7DC2446AD17000294C4 /* Debug */ = {
			isa = XCBuildConfiguration;
			buildSettings = {
				ALWAYS_SEARCH_USER_PATHS = NO;
				CLANG_ANALYZER_LOCALIZABILITY_NONLOCALIZED = YES;
				CLANG_ANALYZER_NONNULL = YES;
				CLANG_ANALYZER_NUMBER_OBJECT_CONVERSION = YES_AGGRESSIVE;
				CLANG_CXX_LANGUAGE_STANDARD = "gnu++14";
				CLANG_CXX_LIBRARY = "libc++";
				CLANG_ENABLE_MODULES = YES;
				CLANG_ENABLE_OBJC_ARC = YES;
				CLANG_ENABLE_OBJC_WEAK = YES;
				CLANG_WARN_BLOCK_CAPTURE_AUTORELEASING = YES;
				CLANG_WARN_BOOL_CONVERSION = YES;
				CLANG_WARN_COMMA = YES;
				CLANG_WARN_CONSTANT_CONVERSION = YES;
				CLANG_WARN_DEPRECATED_OBJC_IMPLEMENTATIONS = YES;
				CLANG_WARN_DIRECT_OBJC_ISA_USAGE = YES_ERROR;
				CLANG_WARN_DOCUMENTATION_COMMENTS = YES;
				CLANG_WARN_EMPTY_BODY = YES;
				CLANG_WARN_ENUM_CONVERSION = YES;
				CLANG_WARN_INFINITE_RECURSION = YES;
				CLANG_WARN_INT_CONVERSION = YES;
				CLANG_WARN_NON_LITERAL_NULL_CONVERSION = YES;
				CLANG_WARN_OBJC_IMPLICIT_RETAIN_SELF = YES;
				CLANG_WARN_OBJC_LITERAL_CONVERSION = YES;
				CLANG_WARN_OBJC_ROOT_CLASS = YES_ERROR;
				CLANG_WARN_RANGE_LOOP_ANALYSIS = YES;
				CLANG_WARN_STRICT_PROTOTYPES = YES;
				CLANG_WARN_SUSPICIOUS_MOVE = YES;
				CLANG_WARN_UNGUARDED_AVAILABILITY = YES_AGGRESSIVE;
				CLANG_WARN_UNREACHABLE_CODE = YES;
				CLANG_WARN__DUPLICATE_METHOD_MATCH = YES;
				COPY_PHASE_STRIP = NO;
				DEBUG_INFORMATION_FORMAT = dwarf;
				ENABLE_STRICT_OBJC_MSGSEND = YES;
				ENABLE_TESTABILITY = YES;
				GCC_C_LANGUAGE_STANDARD = gnu11;
				GCC_DYNAMIC_NO_PIC = NO;
				GCC_NO_COMMON_BLOCKS = YES;
				GCC_OPTIMIZATION_LEVEL = 0;
				GCC_PREPROCESSOR_DEFINITIONS = (
					"DEBUG=1",
					"$(inherited)",
				);
				GCC_WARN_64_TO_32_BIT_CONVERSION = YES;
				GCC_WARN_ABOUT_RETURN_TYPE = YES_ERROR;
				GCC_WARN_UNDECLARED_SELECTOR = YES;
				GCC_WARN_UNINITIALIZED_AUTOS = YES_AGGRESSIVE;
				GCC_WARN_UNUSED_FUNCTION = YES;
				GCC_WARN_UNUSED_VARIABLE = YES;
				IPHONEOS_DEPLOYMENT_TARGET = 13.4;
				MTL_ENABLE_DEBUG_INFO = INCLUDE_SOURCE;
				MTL_FAST_MATH = YES;
				ONLY_ACTIVE_ARCH = YES;
				SDKROOT = iphoneos;
			};
			name = Debug;
		};
		AEA0C7DD2446AD17000294C4 /* Release */ = {
			isa = XCBuildConfiguration;
			buildSettings = {
				ALWAYS_SEARCH_USER_PATHS = NO;
				CLANG_ANALYZER_LOCALIZABILITY_NONLOCALIZED = YES;
				CLANG_ANALYZER_NONNULL = YES;
				CLANG_ANALYZER_NUMBER_OBJECT_CONVERSION = YES_AGGRESSIVE;
				CLANG_CXX_LANGUAGE_STANDARD = "gnu++14";
				CLANG_CXX_LIBRARY = "libc++";
				CLANG_ENABLE_MODULES = YES;
				CLANG_ENABLE_OBJC_ARC = YES;
				CLANG_ENABLE_OBJC_WEAK = YES;
				CLANG_WARN_BLOCK_CAPTURE_AUTORELEASING = YES;
				CLANG_WARN_BOOL_CONVERSION = YES;
				CLANG_WARN_COMMA = YES;
				CLANG_WARN_CONSTANT_CONVERSION = YES;
				CLANG_WARN_DEPRECATED_OBJC_IMPLEMENTATIONS = YES;
				CLANG_WARN_DIRECT_OBJC_ISA_USAGE = YES_ERROR;
				CLANG_WARN_DOCUMENTATION_COMMENTS = YES;
				CLANG_WARN_EMPTY_BODY = YES;
				CLANG_WARN_ENUM_CONVERSION = YES;
				CLANG_WARN_INFINITE_RECURSION = YES;
				CLANG_WARN_INT_CONVERSION = YES;
				CLANG_WARN_NON_LITERAL_NULL_CONVERSION = YES;
				CLANG_WARN_OBJC_IMPLICIT_RETAIN_SELF = YES;
				CLANG_WARN_OBJC_LITERAL_CONVERSION = YES;
				CLANG_WARN_OBJC_ROOT_CLASS = YES_ERROR;
				CLANG_WARN_RANGE_LOOP_ANALYSIS = YES;
				CLANG_WARN_STRICT_PROTOTYPES = YES;
				CLANG_WARN_SUSPICIOUS_MOVE = YES;
				CLANG_WARN_UNGUARDED_AVAILABILITY = YES_AGGRESSIVE;
				CLANG_WARN_UNREACHABLE_CODE = YES;
				CLANG_WARN__DUPLICATE_METHOD_MATCH = YES;
				COPY_PHASE_STRIP = NO;
				DEBUG_INFORMATION_FORMAT = "dwarf-with-dsym";
				ENABLE_NS_ASSERTIONS = NO;
				ENABLE_STRICT_OBJC_MSGSEND = YES;
				GCC_C_LANGUAGE_STANDARD = gnu11;
				GCC_NO_COMMON_BLOCKS = YES;
				GCC_WARN_64_TO_32_BIT_CONVERSION = YES;
				GCC_WARN_ABOUT_RETURN_TYPE = YES_ERROR;
				GCC_WARN_UNDECLARED_SELECTOR = YES;
				GCC_WARN_UNINITIALIZED_AUTOS = YES_AGGRESSIVE;
				GCC_WARN_UNUSED_FUNCTION = YES;
				GCC_WARN_UNUSED_VARIABLE = YES;
				IPHONEOS_DEPLOYMENT_TARGET = 13.4;
				MTL_ENABLE_DEBUG_INFO = NO;
				MTL_FAST_MATH = YES;
				SDKROOT = iphoneos;
				VALIDATE_PRODUCT = YES;
			};
			name = Release;
		};
		AEA0C7DF2446AD17000294C4 /* Debug */ = {
			isa = XCBuildConfiguration;
			baseConfigurationReference = 45405ECFF494A7721A4D2050 /* Pods-VivaMedi.debug.xcconfig */;
			buildSettings = {
				ASSETCATALOG_COMPILER_APPICON_NAME = AppIcon;
				CLANG_ALLOW_NON_MODULAR_INCLUDES_IN_FRAMEWORK_MODULES = YES;
				CODE_SIGN_IDENTITY = "Apple Development";
				CODE_SIGN_STYLE = Automatic;
				DEVELOPMENT_TEAM = BMP99N9345;
				ENABLE_BITCODE = NO;
				FRAMEWORK_SEARCH_PATHS = (
					"$(inherited)",
					"$(PROJECT_DIR)/Pods/SDWebImage/Products",
					"$(PROJECT_DIR)/VivaMedi",
				);
				GCC_PRECOMPILE_PREFIX_HEADER = YES;
				GCC_PREFIX_HEADER = "$(SRCROOT)/VivaMedi/PrefixHeader.pch";
				INFOPLIST_FILE = VivaMedi/Info.plist;
				IPHONEOS_DEPLOYMENT_TARGET = 9.0;
				LD_RUNPATH_SEARCH_PATHS = (
					"$(inherited)",
					"@executable_path/Frameworks",
				);
				MARKETING_VERSION = 1.0.0;
				PRODUCT_BUNDLE_IDENTIFIER = com.quvideo.MediApp;
				PRODUCT_NAME = "$(TARGET_NAME)";
				PROVISIONING_PROFILE_SPECIFIER = "";
				TARGETED_DEVICE_FAMILY = "1,2";
			};
			name = Debug;
		};
		AEA0C7E02446AD17000294C4 /* Release */ = {
			isa = XCBuildConfiguration;
			baseConfigurationReference = E5E6ADDEA2563989A45B8AE3 /* Pods-VivaMedi.release.xcconfig */;
			buildSettings = {
				ASSETCATALOG_COMPILER_APPICON_NAME = AppIcon;
				CLANG_ALLOW_NON_MODULAR_INCLUDES_IN_FRAMEWORK_MODULES = YES;
				CODE_SIGN_IDENTITY = "Apple Development";
				CODE_SIGN_STYLE = Automatic;
				DEVELOPMENT_TEAM = BMP99N9345;
				ENABLE_BITCODE = NO;
				FRAMEWORK_SEARCH_PATHS = (
					"$(inherited)",
					"$(PROJECT_DIR)/Pods/SDWebImage/Products",
					"$(PROJECT_DIR)/VivaMedi",
				);
				GCC_PRECOMPILE_PREFIX_HEADER = YES;
				GCC_PREFIX_HEADER = "$(SRCROOT)/VivaMedi/PrefixHeader.pch";
				INFOPLIST_FILE = VivaMedi/Info.plist;
				IPHONEOS_DEPLOYMENT_TARGET = 9.0;
				LD_RUNPATH_SEARCH_PATHS = (
					"$(inherited)",
					"@executable_path/Frameworks",
				);
				MARKETING_VERSION = 1.0.0;
				PRODUCT_BUNDLE_IDENTIFIER = com.quvideo.MediApp;
				PRODUCT_NAME = "$(TARGET_NAME)";
				PROVISIONING_PROFILE_SPECIFIER = "";
				TARGETED_DEVICE_FAMILY = "1,2";
			};
			name = Release;
		};
		AEA0C7E22446AD17000294C4 /* Debug */ = {
			isa = XCBuildConfiguration;
			baseConfigurationReference = 044997D9F44E0F4F04B42D69 /* Pods-VivaMediTests.debug.xcconfig */;
			buildSettings = {
				BUNDLE_LOADER = "$(TEST_HOST)";
				CODE_SIGN_STYLE = Automatic;
				DEVELOPMENT_TEAM = BMP99N9345;
				INFOPLIST_FILE = VivaMediTests/Info.plist;
				IPHONEOS_DEPLOYMENT_TARGET = 13.4;
				LD_RUNPATH_SEARCH_PATHS = (
					"$(inherited)",
					"@executable_path/Frameworks",
					"@loader_path/Frameworks",
				);
				PRODUCT_BUNDLE_IDENTIFIER = QuVideo.VivaMediTests;
				PRODUCT_NAME = "$(TARGET_NAME)";
				TARGETED_DEVICE_FAMILY = "1,2";
				TEST_HOST = "$(BUILT_PRODUCTS_DIR)/VivaMedi.app/VivaMedi";
			};
			name = Debug;
		};
		AEA0C7E32446AD17000294C4 /* Release */ = {
			isa = XCBuildConfiguration;
			baseConfigurationReference = 68FE511D8A4C3B181FE97330 /* Pods-VivaMediTests.release.xcconfig */;
			buildSettings = {
				BUNDLE_LOADER = "$(TEST_HOST)";
				CODE_SIGN_STYLE = Automatic;
				DEVELOPMENT_TEAM = BMP99N9345;
				INFOPLIST_FILE = VivaMediTests/Info.plist;
				IPHONEOS_DEPLOYMENT_TARGET = 13.4;
				LD_RUNPATH_SEARCH_PATHS = (
					"$(inherited)",
					"@executable_path/Frameworks",
					"@loader_path/Frameworks",
				);
				PRODUCT_BUNDLE_IDENTIFIER = QuVideo.VivaMediTests;
				PRODUCT_NAME = "$(TARGET_NAME)";
				TARGETED_DEVICE_FAMILY = "1,2";
				TEST_HOST = "$(BUILT_PRODUCTS_DIR)/VivaMedi.app/VivaMedi";
			};
			name = Release;
		};
		AEA0C7E52446AD17000294C4 /* Debug */ = {
			isa = XCBuildConfiguration;
			baseConfigurationReference = ECB7FEF6D0F8011E8D718A3B /* Pods-VivaMedi-VivaMediUITests.debug.xcconfig */;
			buildSettings = {
				CODE_SIGN_STYLE = Automatic;
				DEVELOPMENT_TEAM = BMP99N9345;
				INFOPLIST_FILE = VivaMediUITests/Info.plist;
				LD_RUNPATH_SEARCH_PATHS = (
					"$(inherited)",
					"@executable_path/Frameworks",
					"@loader_path/Frameworks",
				);
				PRODUCT_BUNDLE_IDENTIFIER = QuVideo.VivaMediUITests;
				PRODUCT_NAME = "$(TARGET_NAME)";
				TARGETED_DEVICE_FAMILY = "1,2";
				TEST_TARGET_NAME = VivaMedi;
			};
			name = Debug;
		};
		AEA0C7E62446AD17000294C4 /* Release */ = {
			isa = XCBuildConfiguration;
			baseConfigurationReference = DFA48D10A6B60AFAE9121AFA /* Pods-VivaMedi-VivaMediUITests.release.xcconfig */;
			buildSettings = {
				CODE_SIGN_STYLE = Automatic;
				DEVELOPMENT_TEAM = BMP99N9345;
				INFOPLIST_FILE = VivaMediUITests/Info.plist;
				LD_RUNPATH_SEARCH_PATHS = (
					"$(inherited)",
					"@executable_path/Frameworks",
					"@loader_path/Frameworks",
				);
				PRODUCT_BUNDLE_IDENTIFIER = QuVideo.VivaMediUITests;
				PRODUCT_NAME = "$(TARGET_NAME)";
				TARGETED_DEVICE_FAMILY = "1,2";
				TEST_TARGET_NAME = VivaMedi;
			};
			name = Release;
		};
/* End XCBuildConfiguration section */

/* Begin XCConfigurationList section */
		AEA0C7AA2446AD13000294C4 /* Build configuration list for PBXProject "VivaMedi" */ = {
			isa = XCConfigurationList;
			buildConfigurations = (
				AEA0C7DC2446AD17000294C4 /* Debug */,
				AEA0C7DD2446AD17000294C4 /* Release */,
			);
			defaultConfigurationIsVisible = 0;
			defaultConfigurationName = Release;
		};
		AEA0C7DE2446AD17000294C4 /* Build configuration list for PBXNativeTarget "VivaMedi" */ = {
			isa = XCConfigurationList;
			buildConfigurations = (
				AEA0C7DF2446AD17000294C4 /* Debug */,
				AEA0C7E02446AD17000294C4 /* Release */,
			);
			defaultConfigurationIsVisible = 0;
			defaultConfigurationName = Release;
		};
		AEA0C7E12446AD17000294C4 /* Build configuration list for PBXNativeTarget "VivaMediTests" */ = {
			isa = XCConfigurationList;
			buildConfigurations = (
				AEA0C7E22446AD17000294C4 /* Debug */,
				AEA0C7E32446AD17000294C4 /* Release */,
			);
			defaultConfigurationIsVisible = 0;
			defaultConfigurationName = Release;
		};
		AEA0C7E42446AD17000294C4 /* Build configuration list for PBXNativeTarget "VivaMediUITests" */ = {
			isa = XCConfigurationList;
			buildConfigurations = (
				AEA0C7E52446AD17000294C4 /* Debug */,
				AEA0C7E62446AD17000294C4 /* Release */,
			);
			defaultConfigurationIsVisible = 0;
			defaultConfigurationName = Release;
		};
/* End XCConfigurationList section */
	};
	rootObject = AEA0C7A72446AD13000294C4 /* Project object */;
}
